
Microsoft Visual Studio Solution File, Format Version 12.00
# Visual Studio Version 17
VisualStudioVersion = 17.0.31903.59
MinimumVisualStudioVersion = 10.0.40219.1
Project("{2150E333-8FDC-42A3-9474-1A3956D46DE8}") = "src", "src", "{944B5683-9065-46E7-ADC6-DABAA902DE95}"
EndProject
Project("{F2A71F9B-5D33-465A-A702-920D77279786}") = "RssReader", "src\RssReader\RssReader.fsproj", "{813CEC2C-0C0A-4B44-9735-903BE590DEDB}"
EndProject
Global
	GlobalSection(SolutionConfigurationPlatforms) = preSolution
		Debug|Any CPU = Debug|Any CPU
		Release|Any CPU = Release|Any CPU
	EndGlobalSection
	GlobalSection(SolutionProperties) = preSolution
		HideSolutionNode = FALSE
	EndGlobalSection
	GlobalSection(ProjectConfigurationPlatforms) = postSolution
		{813CEC2C-0C0A-4B44-9735-903BE590DEDB}.Debug|Any CPU.ActiveCfg = Debug|Any CPU
		{813CEC2C-0C0A-4B44-9735-903BE590DEDB}.Debug|Any CPU.Build.0 = Debug|Any CPU
		{813CEC2C-0C0A-4B44-9735-903BE590DEDB}.Release|Any CPU.ActiveCfg = Release|Any CPU
		{813CEC2C-0C0A-4B44-9735-903BE590DEDB}.Release|Any CPU.Build.0 = Release|Any CPU
	EndGlobalSection
	GlobalSection(NestedProjects) = preSolution
		{813CEC2C-0C0A-4B44-9735-903BE590DEDB} = {944B5683-9065-46E7-ADC6-DABAA902DE95}
	EndGlobalSection
EndGlobal
